
Microsoft Visual Studio Solution File, Format Version 12.00
# Visual Studio Version 16
VisualStudioVersion = 16.0.33927.289
MinimumVisualStudioVersion = 10.0.40219.1
Project("{FAE04EC0-301F-11D3-BF4B-00C04F79EFBC}") = "WebBanQuanAo", "WebBanQuanAo\WebBanQuanAo.csproj", "{82A01E70-670D-4DE6-82D8-735D59D22C86}"
EndProject
Project("{FAE04EC0-301F-11D3-BF4B-00C04F79EFBC}") = "Models", "Models\Models.csproj", "{093ECAF4-F507-4B6B-88A0-D33566A40860}"
EndProject
Project("{FAE04EC0-301F-11D3-BF4B-00C04F79EFBC}") = "Common", "Common\Common.csproj", "{BDFEEFB4-78E3-4CF3-A2C4-9CB74A228153}"
EndProject
Global
	GlobalSection(SolutionConfigurationPlatforms) = preSolution
		Debug|Any CPU = Debug|Any CPU
		Release|Any CPU = Release|Any CPU
	EndGlobalSection
	GlobalSection(ProjectConfigurationPlatforms) = postSolution
		{82A01E70-670D-4DE6-82D8-735D59D22C86}.Debug|Any CPU.ActiveCfg = Debug|Any CPU
		{82A01E70-670D-4DE6-82D8-735D59D22C86}.Debug|Any CPU.Build.0 = Debug|Any CPU
		{82A01E70-670D-4DE6-82D8-735D59D22C86}.Release|Any CPU.ActiveCfg = Release|Any CPU
		{82A01E70-670D-4DE6-82D8-735D59D22C86}.Release|Any CPU.Build.0 = Release|Any CPU
		{093ECAF4-F507-4B6B-88A0-D33566A40860}.Debug|Any CPU.ActiveCfg = Debug|Any CPU
		{093ECAF4-F507-4B6B-88A0-D33566A40860}.Debug|Any CPU.Build.0 = Debug|Any CPU
		{093ECAF4-F507-4B6B-88A0-D33566A40860}.Release|Any CPU.ActiveCfg = Release|Any CPU
		{093ECAF4-F507-4B6B-88A0-D33566A40860}.Release|Any CPU.Build.0 = Release|Any CPU
		{BDFEEFB4-78E3-4CF3-A2C4-9CB74A228153}.Debug|Any CPU.ActiveCfg = Debug|Any CPU
		{BDFEEFB4-78E3-4CF3-A2C4-9CB74A228153}.Debug|Any CPU.Build.0 = Debug|Any CPU
		{BDFEEFB4-78E3-4CF3-A2C4-9CB74A228153}.Release|Any CPU.ActiveCfg = Release|Any CPU
		{BDFEEFB4-78E3-4CF3-A2C4-9CB74A228153}.Release|Any CPU.Build.0 = Release|Any CPU
	EndGlobalSection
	GlobalSection(SolutionProperties) = preSolution
		HideSolutionNode = FALSE
	EndGlobalSection
	GlobalSection(ExtensibilityGlobals) = postSolution
		SolutionGuid = {4F7BFC11-CBE2-4604-9C26-8ADA2F079BB8}
	EndGlobalSection
EndGlobal
